{
  "pins" : [
    {
      "identity" : "progresshud",
      "kind" : "remoteSourceControl",
      "location" : "https://github.com/relatedcode/ProgressHUD.git",
      "state" : {
        "branch" : "master",
        "revision" : "3ae24c855fff8fd40924a121ab315c125720d917"
      }
    }
  ],
  "version" : 2
}
